
Microsoft Visual Studio Solution File, Format Version 12.00
# Visual Studio 2015
Project("{FAE04EC0-301F-11D3-BF4B-00C04F79EFBC}") = "First Tries.CSharp", "First Tries.CSharp.csproj", "{B9F5A8EA-0D70-E795-9E8E-1763213EE72B}"
EndProject
Project("{FAE04EC0-301F-11D3-BF4B-00C04F79EFBC}") = "First Tries.CSharp.Editor", "First Tries.CSharp.Editor.csproj", "{A044B374-0AC8-7A57-BD86-F02701F7EAA3}"
EndProject
Global
	GlobalSection(SolutionConfigurationPlatforms) = preSolution
		Debug|Any CPU = Debug|Any CPU
		Release|Any CPU = Release|Any CPU
	EndGlobalSection
	GlobalSection(ProjectConfigurationPlatforms) = postSolution
		{B9F5A8EA-0D70-E795-9E8E-1763213EE72B}.Debug|Any CPU.ActiveCfg = Debug|Any CPU
		{B9F5A8EA-0D70-E795-9E8E-1763213EE72B}.Debug|Any CPU.Build.0 = Debug|Any CPU
		{B9F5A8EA-0D70-E795-9E8E-1763213EE72B}.Release|Any CPU.ActiveCfg = Release|Any CPU
		{B9F5A8EA-0D70-E795-9E8E-1763213EE72B}.Release|Any CPU.Build.0 = Release|Any CPU
		{A044B374-0AC8-7A57-BD86-F02701F7EAA3}.Debug|Any CPU.ActiveCfg = Debug|Any CPU
		{A044B374-0AC8-7A57-BD86-F02701F7EAA3}.Debug|Any CPU.Build.0 = Debug|Any CPU
		{A044B374-0AC8-7A57-BD86-F02701F7EAA3}.Release|Any CPU.ActiveCfg = Release|Any CPU
		{A044B374-0AC8-7A57-BD86-F02701F7EAA3}.Release|Any CPU.Build.0 = Release|Any CPU
	EndGlobalSection
	GlobalSection(SolutionProperties) = preSolution
		HideSolutionNode = FALSE
	EndGlobalSection
EndGlobal
